<?xml version="1.0" encoding="utf-8"?>
<Project ToolsVersion="4.0" xmlns="http://schemas.microsoft.com/developer/msbuild/2003">
  <ItemGroup>
    <Filter Include="File di origine">
      <UniqueIdentifier>{4FC737F1-C7A5-4376-A066-2A32D752A2FF}</UniqueIdentifier>
      <Extensions>cpp;c;cc;cxx;def;odl;idl;hpj;bat;asm;asmx</Extensions>
    </Filter>
    <Filter Include="File di intestazione">
      <UniqueIdentifier>{93995380-89BD-4b04-88EB-625FBE52EBFB}</UniqueIdentifier>
      <Extensions>h;hh;hpp;hxx;hm;inl;inc;ipp;xsd</Extensions>
    </Filter>
    <Filter Include="File di risorse">
      <UniqueIdentifier>{67DA6AB6-F800-4c08-8B7A-83BB121AAD01}</UniqueIdentifier>
      <Extensions>rc;ico;cur;bmp;dlg;rc2;rct;bin;rgs;gif;jpg;jpeg;jpe;resx;tiff;tif;png;wav;mfcribbon-ms</Extensions>
    </Filter>
  </ItemGroup>
  <ItemGroup>
    <ClCompile Include="RichiestaGUI.cpp">
      <Filter>File di origine</Filter>
    </ClCompile>
    <ClCompile Include="Nemico.cpp">
      <Filter>File di origine</Filter>
    </ClCompile>
    <ClCompile Include="Modellazione_3D.cpp">
      <Filter>File di origine</Filter>
    </ClCompile>
    <ClCompile Include="Main.cpp">
      <Filter>File di origine</Filter>
    </ClCompile>
    <ClCompile Include="GestoreUtente.cpp">
      <Filter>File di origine</Filter>
    </ClCompile>
    <ClCompile Include="GestoreScena.cpp">
      <Filter>File di origine</Filter>
    </ClCompile>
    <ClCompile Include="GestoreNemici.cpp">
      <Filter>File di origine</Filter>
    </ClCompile>
    <ClCompile Include="GestoreMovimento.cpp">
      <Filter>File di origine</Filter>
    </ClCompile>
    <ClCompile Include="DrawScene.cpp">
      <Filter>File di origine</Filter>
    </ClCompile>
    <ClCompile Include="ControllerPlayer.cpp">
      <Filter>File di origine</Filter>
    </ClCompile>
    <ClCompile Include="CallBack.cpp">
      <Filter>File di origine</Filter>
    </ClCompile>
    <ClCompile Include="TrovaPercorso.cpp">
      <Filter>File di origine</Filter>
    </ClCompile>
    <ClCompile Include="RegoleGame.cpp">
      <Filter>File di origine</Filter>
    </ClCompile>
    <ClCompile Include="Coin.cpp">
      <Filter>File di origine</Filter>
    </ClCompile>
    <ClCompile Include="Bonus.cpp">
      <Filter>File di origine</Filter>
    </ClCompile>
    <ClCompile Include="RandomValueUniform.cpp">
      <Filter>File di origine</Filter>
    </ClCompile>
    <ClCompile Include="Livelli.cpp">
      <Filter>File di origine</Filter>
    </ClCompile>
    <ClCompile Include="GestoreTexture.cpp">
      <Filter>File di origine</Filter>
    </ClCompile>
    <ClCompile Include="GestoreAudio.cpp">
      <Filter>File di origine</Filter>
    </ClCompile>
    <ClCompile Include="MenuGame.cpp">
      <Filter>File di origine</Filter>
    </ClCompile>
    <ClCompile Include="ElemTexture.cpp">
      <Filter>File di origine</Filter>
    </ClCompile>
    <ClCompile Include="CVector3D.cpp">
      <Filter>File di origine</Filter>
    </ClCompile>
  </ItemGroup>
  <ItemGroup>
    <ClInclude Include="RichiestaGUI.h">
      <Filter>File di intestazione</Filter>
    </ClInclude>
    <ClInclude Include="Nemico.h">
      <Filter>File di intestazione</Filter>
    </ClInclude>
    <ClInclude Include="Modellazione_3D.h">
      <Filter>File di intestazione</Filter>
    </ClInclude>
    <ClInclude Include="Libs.h">
      <Filter>File di intestazione</Filter>
    </ClInclude>
    <ClInclude Include="GestoreUtente.h">
      <Filter>File di intestazione</Filter>
    </ClInclude>
    <ClInclude Include="GestoreScena.h">
      <Filter>File di intestazione</Filter>
    </ClInclude>
    <ClInclude Include="GestoreNemici.h">
      <Filter>File di intestazione</Filter>
    </ClInclude>
    <ClInclude Include="GestoreMovimento.h">
      <Filter>File di intestazione</Filter>
    </ClInclude>
    <ClInclude Include="Elem3D.h">
      <Filter>File di intestazione</Filter>
    </ClInclude>
    <ClInclude Include="DrawScene.h">
      <Filter>File di intestazione</Filter>
    </ClInclude>
    <ClInclude Include="ControllerPlayer.h">
      <Filter>File di intestazione</Filter>
    </ClInclude>
    <ClInclude Include="CallBack.h">
      <Filter>File di intestazione</Filter>
    </ClInclude>
    <ClInclude Include="TrovaPercorso.h">
      <Filter>File di intestazione</Filter>
    </ClInclude>
    <ClInclude Include="RegoleGame.h">
      <Filter>File di intestazione</Filter>
    </ClInclude>
    <ClInclude Include="Coin.h">
      <Filter>File di intestazione</Filter>
    </ClInclude>
    <ClInclude Include="Bonus.h">
      <Filter>File di intestazione</Filter>
    </ClInclude>
    <ClInclude Include="RandomValueUniform.h">
      <Filter>File di intestazione</Filter>
    </ClInclude>
    <ClInclude Include="Livelli.h">
      <Filter>File di intestazione</Filter>
    </ClInclude>
    <ClInclude Include="GestoreTexture.h">
      <Filter>File di intestazione</Filter>
    </ClInclude>
    <ClInclude Include="GestoreAudio.h">
      <Filter>File di intestazione</Filter>
    </ClInclude>
    <ClInclude Include="ElemTexture.h">
      <Filter>File di intestazione</Filter>
    </ClInclude>
    <ClInclude Include="MenuGame.h">
      <Filter>File di intestazione</Filter>
    </ClInclude>
    <ClInclude Include="CVector3D.h">
      <Filter>File di intestazione</Filter>
    </ClInclude>
    <ClInclude Include="GestoreImpostazioni.h">
      <Filter>File di intestazione</Filter>
    </ClInclude>
  </ItemGroup>
  <ItemGroup>
    <None Include="packages.config" />
    <None Include="ClassDiagram.cd" />
  </ItemGroup>
</Project>